
Microsoft Visual Studio Solution File, Format Version 12.00
# Visual Studio Version 17
VisualStudioVersion = 17.5.33530.505
MinimumVisualStudioVersion = 10.0.40219.1
Project("{FAE04EC0-301F-11D3-BF4B-00C04F79EFBC}") = "16042025", "16042025.csproj", "{70D7134C-78AC-4A25-AA34-E1D25AC3E19F}"
EndProject
Global
	GlobalSection(SolutionConfigurationPlatforms) = preSolution
		Debug|Any CPU = Debug|Any CPU
		Release|Any CPU = Release|Any CPU
	EndGlobalSection
	GlobalSection(ProjectConfigurationPlatforms) = postSolution
		{70D7134C-78AC-4A25-AA34-E1D25AC3E19F}.Debug|Any CPU.ActiveCfg = Debug|Any CPU
		{70D7134C-78AC-4A25-AA34-E1D25AC3E19F}.Debug|Any CPU.Build.0 = Debug|Any CPU
		{70D7134C-78AC-4A25-AA34-E1D25AC3E19F}.Release|Any CPU.ActiveCfg = Release|Any CPU
		{70D7134C-78AC-4A25-AA34-E1D25AC3E19F}.Release|Any CPU.Build.0 = Release|Any CPU
	EndGlobalSection
	GlobalSection(SolutionProperties) = preSolution
		HideSolutionNode = FALSE
	EndGlobalSection
	GlobalSection(ExtensibilityGlobals) = postSolution
		SolutionGuid = {5234BCE1-8107-4E4E-8DBD-ADDB028EA094}
	EndGlobalSection
EndGlobal
